
Microsoft Visual Studio Solution File, Format Version 12.00
# Visual Studio Version 17
VisualStudioVersion = 17.8.34330.188
MinimumVisualStudioVersion = 10.0.40219.1
Project("{FAE04EC0-301F-11D3-BF4B-00C04F79EFBC}") = "Lab08", "Lab08\Lab08.csproj", "{BF145788-D4E7-4010-9A3B-8897A5BE262C}"
EndProject
Global
	GlobalSection(SolutionConfigurationPlatforms) = preSolution
		Debug|Any CPU = Debug|Any CPU
		Release|Any CPU = Release|Any CPU
	EndGlobalSection
	GlobalSection(ProjectConfigurationPlatforms) = postSolution
		{BF145788-D4E7-4010-9A3B-8897A5BE262C}.Debug|Any CPU.ActiveCfg = Debug|Any CPU
		{BF145788-D4E7-4010-9A3B-8897A5BE262C}.Debug|Any CPU.Build.0 = Debug|Any CPU
		{BF145788-D4E7-4010-9A3B-8897A5BE262C}.Release|Any CPU.ActiveCfg = Release|Any CPU
		{BF145788-D4E7-4010-9A3B-8897A5BE262C}.Release|Any CPU.Build.0 = Release|Any CPU
	EndGlobalSection
	GlobalSection(SolutionProperties) = preSolution
		HideSolutionNode = FALSE
	EndGlobalSection
	GlobalSection(ExtensibilityGlobals) = postSolution
		SolutionGuid = {52544417-CBEB-41E4-990A-ADABF9E44D71}
	EndGlobalSection
EndGlobal
